
Microsoft Visual Studio Solution File, Format Version 12.00
# Visual Studio Version 16
VisualStudioVersion = 16.0.30907.101
MinimumVisualStudioVersion = 10.0.40219.1
Project("{FAE04EC0-301F-11D3-BF4B-00C04F79EFBC}") = "lab 2_2", "lab 2_2.csproj", "{70736E84-A162-4B37-AEE8-EB18234AFA19}"
EndProject
Global
	GlobalSection(SolutionConfigurationPlatforms) = preSolution
		Debug|Any CPU = Debug|Any CPU
		Release|Any CPU = Release|Any CPU
	EndGlobalSection
	GlobalSection(ProjectConfigurationPlatforms) = postSolution
		{70736E84-A162-4B37-AEE8-EB18234AFA19}.Debug|Any CPU.ActiveCfg = Debug|Any CPU
		{70736E84-A162-4B37-AEE8-EB18234AFA19}.Debug|Any CPU.Build.0 = Debug|Any CPU
		{70736E84-A162-4B37-AEE8-EB18234AFA19}.Release|Any CPU.ActiveCfg = Release|Any CPU
		{70736E84-A162-4B37-AEE8-EB18234AFA19}.Release|Any CPU.Build.0 = Release|Any CPU
	EndGlobalSection
	GlobalSection(SolutionProperties) = preSolution
		HideSolutionNode = FALSE
	EndGlobalSection
	GlobalSection(ExtensibilityGlobals) = postSolution
		SolutionGuid = {7F6E5EC1-B955-48E0-9E9C-47B103E24AC1}
	EndGlobalSection
EndGlobal
